
Microsoft Visual Studio Solution File, Format Version 12.00
# Visual Studio 15
VisualStudioVersion = 15.0.26430.14
MinimumVisualStudioVersion = 10.0.40219.1
Project("{FAE04EC0-301F-11D3-BF4B-00C04F79EFBC}") = "DungeonsOfDoom", "DungeonsOfDoom\DungeonsOfDoom.csproj", "{3C25B30D-B418-4DFD-9539-EA058771BBFE}"
EndProject
Project("{FAE04EC0-301F-11D3-BF4B-00C04F79EFBC}") = "Utils", "Utils\Utils.csproj", "{1147C356-3E76-46EA-8166-676C1A3AAC1B}"
EndProject
Project("{FAE04EC0-301F-11D3-BF4B-00C04F79EFBC}") = "DoDLib", "DoDLib\DoDLib.csproj", "{42AF4AF3-D45E-4015-9657-1C8AF8CED82B}"
EndProject
Global
	GlobalSection(SolutionConfigurationPlatforms) = preSolution
		Debug|Any CPU = Debug|Any CPU
		Release|Any CPU = Release|Any CPU
	EndGlobalSection
	GlobalSection(ProjectConfigurationPlatforms) = postSolution
		{3C25B30D-B418-4DFD-9539-EA058771BBFE}.Debug|Any CPU.ActiveCfg = Debug|Any CPU
		{3C25B30D-B418-4DFD-9539-EA058771BBFE}.Debug|Any CPU.Build.0 = Debug|Any CPU
		{3C25B30D-B418-4DFD-9539-EA058771BBFE}.Release|Any CPU.ActiveCfg = Release|Any CPU
		{3C25B30D-B418-4DFD-9539-EA058771BBFE}.Release|Any CPU.Build.0 = Release|Any CPU
		{1147C356-3E76-46EA-8166-676C1A3AAC1B}.Debug|Any CPU.ActiveCfg = Debug|Any CPU
		{1147C356-3E76-46EA-8166-676C1A3AAC1B}.Debug|Any CPU.Build.0 = Debug|Any CPU
		{1147C356-3E76-46EA-8166-676C1A3AAC1B}.Release|Any CPU.ActiveCfg = Release|Any CPU
		{1147C356-3E76-46EA-8166-676C1A3AAC1B}.Release|Any CPU.Build.0 = Release|Any CPU
		{42AF4AF3-D45E-4015-9657-1C8AF8CED82B}.Debug|Any CPU.ActiveCfg = Debug|Any CPU
		{42AF4AF3-D45E-4015-9657-1C8AF8CED82B}.Debug|Any CPU.Build.0 = Debug|Any CPU
		{42AF4AF3-D45E-4015-9657-1C8AF8CED82B}.Release|Any CPU.ActiveCfg = Release|Any CPU
		{42AF4AF3-D45E-4015-9657-1C8AF8CED82B}.Release|Any CPU.Build.0 = Release|Any CPU
	EndGlobalSection
	GlobalSection(SolutionProperties) = preSolution
		HideSolutionNode = FALSE
	EndGlobalSection
EndGlobal
